
Microsoft Visual Studio Solution File, Format Version 12.00
# Visual Studio Version 16
VisualStudioVersion = 16.0.30011.22
MinimumVisualStudioVersion = 10.0.40219.1
Project("{FAE04EC0-301F-11D3-BF4B-00C04F79EFBC}") = "Lesson1Homework2", "Lesson1Homework2\Lesson1Homework2.csproj", "{765A9F79-EB8E-435A-87C9-ED8108EED442}"
EndProject
Global
	GlobalSection(SolutionConfigurationPlatforms) = preSolution
		Debug|Any CPU = Debug|Any CPU
		Release|Any CPU = Release|Any CPU
	EndGlobalSection
	GlobalSection(ProjectConfigurationPlatforms) = postSolution
		{765A9F79-EB8E-435A-87C9-ED8108EED442}.Debug|Any CPU.ActiveCfg = Debug|Any CPU
		{765A9F79-EB8E-435A-87C9-ED8108EED442}.Debug|Any CPU.Build.0 = Debug|Any CPU
		{765A9F79-EB8E-435A-87C9-ED8108EED442}.Release|Any CPU.ActiveCfg = Release|Any CPU
		{765A9F79-EB8E-435A-87C9-ED8108EED442}.Release|Any CPU.Build.0 = Release|Any CPU
	EndGlobalSection
	GlobalSection(SolutionProperties) = preSolution
		HideSolutionNode = FALSE
	EndGlobalSection
	GlobalSection(ExtensibilityGlobals) = postSolution
		SolutionGuid = {F205DD37-3FB3-4DD9-BD31-DA80F30C31E3}
	EndGlobalSection
EndGlobal
